
Microsoft Visual Studio Solution File, Format Version 12.00
# Visual Studio Version 16
VisualStudioVersion = 16.0.31005.135
MinimumVisualStudioVersion = 10.0.40219.1
Project("{FAE04EC0-301F-11D3-BF4B-00C04F79EFBC}") = "Condicionales", "Condicionales\Condicionales.csproj", "{D0CE3EAC-9695-45C9-9323-9CDA1A0650C4}"
EndProject
Global
	GlobalSection(SolutionConfigurationPlatforms) = preSolution
		Debug|Any CPU = Debug|Any CPU
		Release|Any CPU = Release|Any CPU
	EndGlobalSection
	GlobalSection(ProjectConfigurationPlatforms) = postSolution
		{D0CE3EAC-9695-45C9-9323-9CDA1A0650C4}.Debug|Any CPU.ActiveCfg = Debug|Any CPU
		{D0CE3EAC-9695-45C9-9323-9CDA1A0650C4}.Debug|Any CPU.Build.0 = Debug|Any CPU
		{D0CE3EAC-9695-45C9-9323-9CDA1A0650C4}.Release|Any CPU.ActiveCfg = Release|Any CPU
		{D0CE3EAC-9695-45C9-9323-9CDA1A0650C4}.Release|Any CPU.Build.0 = Release|Any CPU
	EndGlobalSection
	GlobalSection(SolutionProperties) = preSolution
		HideSolutionNode = FALSE
	EndGlobalSection
	GlobalSection(ExtensibilityGlobals) = postSolution
		SolutionGuid = {C89BA9FC-05FC-4BD7-BD3E-6C8F9AF259A6}
	EndGlobalSection
EndGlobal
