
Microsoft Visual Studio Solution File, Format Version 12.00
# Visual Studio Version 16
VisualStudioVersion = 16.0.31005.135
MinimumVisualStudioVersion = 10.0.40219.1
Project("{FAE04EC0-301F-11D3-BF4B-00C04F79EFBC}") = "ExamenBucles", "ExamenBucles\ExamenBucles.csproj", "{CD10AC78-3817-4E2F-A10E-270F6FBAA11E}"
EndProject
Global
	GlobalSection(SolutionConfigurationPlatforms) = preSolution
		Debug|Any CPU = Debug|Any CPU
		Release|Any CPU = Release|Any CPU
	EndGlobalSection
	GlobalSection(ProjectConfigurationPlatforms) = postSolution
		{CD10AC78-3817-4E2F-A10E-270F6FBAA11E}.Debug|Any CPU.ActiveCfg = Debug|Any CPU
		{CD10AC78-3817-4E2F-A10E-270F6FBAA11E}.Debug|Any CPU.Build.0 = Debug|Any CPU
		{CD10AC78-3817-4E2F-A10E-270F6FBAA11E}.Release|Any CPU.ActiveCfg = Release|Any CPU
		{CD10AC78-3817-4E2F-A10E-270F6FBAA11E}.Release|Any CPU.Build.0 = Release|Any CPU
	EndGlobalSection
	GlobalSection(SolutionProperties) = preSolution
		HideSolutionNode = FALSE
	EndGlobalSection
	GlobalSection(ExtensibilityGlobals) = postSolution
		SolutionGuid = {AF60983B-6ED9-42EF-AABA-17CFE52A72F6}
	EndGlobalSection
EndGlobal
