
Microsoft Visual Studio Solution File, Format Version 12.00
# Visual Studio Version 16
VisualStudioVersion = 16.0.31005.135
MinimumVisualStudioVersion = 10.0.40219.1
Project("{FAE04EC0-301F-11D3-BF4B-00C04F79EFBC}") = "GestionGastos", "GestionGastos\GestionGastos.csproj", "{1E073109-A6F0-4D6D-BF38-438E4BAC9111}"
EndProject
Global
	GlobalSection(SolutionConfigurationPlatforms) = preSolution
		Debug|Any CPU = Debug|Any CPU
		Release|Any CPU = Release|Any CPU
	EndGlobalSection
	GlobalSection(ProjectConfigurationPlatforms) = postSolution
		{1E073109-A6F0-4D6D-BF38-438E4BAC9111}.Debug|Any CPU.ActiveCfg = Debug|Any CPU
		{1E073109-A6F0-4D6D-BF38-438E4BAC9111}.Debug|Any CPU.Build.0 = Debug|Any CPU
		{1E073109-A6F0-4D6D-BF38-438E4BAC9111}.Release|Any CPU.ActiveCfg = Release|Any CPU
		{1E073109-A6F0-4D6D-BF38-438E4BAC9111}.Release|Any CPU.Build.0 = Release|Any CPU
	EndGlobalSection
	GlobalSection(SolutionProperties) = preSolution
		HideSolutionNode = FALSE
	EndGlobalSection
	GlobalSection(ExtensibilityGlobals) = postSolution
		SolutionGuid = {9312E2B2-0168-4635-842B-1C8B8D7A920F}
	EndGlobalSection
EndGlobal
