
Microsoft Visual Studio Solution File, Format Version 12.00
# Visual Studio Version 16
VisualStudioVersion = 16.0.31005.135
MinimumVisualStudioVersion = 10.0.40219.1
Project("{FAE04EC0-301F-11D3-BF4B-00C04F79EFBC}") = "Matriz2", "Matriz2\Matriz2.csproj", "{1A701C11-2A23-442B-93D4-FA6E1572D350}"
EndProject
Global
	GlobalSection(SolutionConfigurationPlatforms) = preSolution
		Debug|Any CPU = Debug|Any CPU
		Release|Any CPU = Release|Any CPU
	EndGlobalSection
	GlobalSection(ProjectConfigurationPlatforms) = postSolution
		{1A701C11-2A23-442B-93D4-FA6E1572D350}.Debug|Any CPU.ActiveCfg = Debug|Any CPU
		{1A701C11-2A23-442B-93D4-FA6E1572D350}.Debug|Any CPU.Build.0 = Debug|Any CPU
		{1A701C11-2A23-442B-93D4-FA6E1572D350}.Release|Any CPU.ActiveCfg = Release|Any CPU
		{1A701C11-2A23-442B-93D4-FA6E1572D350}.Release|Any CPU.Build.0 = Release|Any CPU
	EndGlobalSection
	GlobalSection(SolutionProperties) = preSolution
		HideSolutionNode = FALSE
	EndGlobalSection
	GlobalSection(ExtensibilityGlobals) = postSolution
		SolutionGuid = {D2816808-CDDE-4CEE-97C1-76AB65789A27}
	EndGlobalSection
EndGlobal
