
Microsoft Visual Studio Solution File, Format Version 12.00
# Visual Studio Version 16
VisualStudioVersion = 16.0.31005.135
MinimumVisualStudioVersion = 10.0.40219.1
Project("{FAE04EC0-301F-11D3-BF4B-00C04F79EFBC}") = "Ciclos", "Ciclos\Ciclos.csproj", "{B5C63328-145A-4E0F-989E-BF12299DB127}"
EndProject
Global
	GlobalSection(SolutionConfigurationPlatforms) = preSolution
		Debug|Any CPU = Debug|Any CPU
		Release|Any CPU = Release|Any CPU
	EndGlobalSection
	GlobalSection(ProjectConfigurationPlatforms) = postSolution
		{B5C63328-145A-4E0F-989E-BF12299DB127}.Debug|Any CPU.ActiveCfg = Debug|Any CPU
		{B5C63328-145A-4E0F-989E-BF12299DB127}.Debug|Any CPU.Build.0 = Debug|Any CPU
		{B5C63328-145A-4E0F-989E-BF12299DB127}.Release|Any CPU.ActiveCfg = Release|Any CPU
		{B5C63328-145A-4E0F-989E-BF12299DB127}.Release|Any CPU.Build.0 = Release|Any CPU
	EndGlobalSection
	GlobalSection(SolutionProperties) = preSolution
		HideSolutionNode = FALSE
	EndGlobalSection
	GlobalSection(ExtensibilityGlobals) = postSolution
		SolutionGuid = {1904949B-242D-469C-8E33-EF7399AAD4FC}
	EndGlobalSection
EndGlobal
